
Microsoft Visual Studio Solution File, Format Version 12.00
# Visual Studio Version 17
VisualStudioVersion = 17.0.31912.275
MinimumVisualStudioVersion = 10.0.40219.1
Project("{9A19103F-16F7-4668-BE54-9A1E7A4F7556}") = "GameInventory", "GameInventory\GameInventory.csproj", "{4A897A86-1380-4B9D-84F1-43A25CD35E5F}"
EndProject
Global
	GlobalSection(SolutionConfigurationPlatforms) = preSolution
		Debug|Any CPU = Debug|Any CPU
		Release|Any CPU = Release|Any CPU
	EndGlobalSection
	GlobalSection(ProjectConfigurationPlatforms) = postSolution
		{4A897A86-1380-4B9D-84F1-43A25CD35E5F}.Debug|Any CPU.ActiveCfg = Debug|Any CPU
		{4A897A86-1380-4B9D-84F1-43A25CD35E5F}.Debug|Any CPU.Build.0 = Debug|Any CPU
		{4A897A86-1380-4B9D-84F1-43A25CD35E5F}.Release|Any CPU.ActiveCfg = Release|Any CPU
		{4A897A86-1380-4B9D-84F1-43A25CD35E5F}.Release|Any CPU.Build.0 = Release|Any CPU
	EndGlobalSection
	GlobalSection(SolutionProperties) = preSolution
		HideSolutionNode = FALSE
	EndGlobalSection
	GlobalSection(ExtensibilityGlobals) = postSolution
		SolutionGuid = {42C64109-E647-4D35-A2D4-4D8ABA652F0F}
	EndGlobalSection
EndGlobal
